
Microsoft Visual Studio Solution File, Format Version 12.00
# Visual Studio Version 16
VisualStudioVersion = 16.0.30204.135
MinimumVisualStudioVersion = 10.0.40219.1
Project("{8BC9CEB8-8B4A-11D0-8D11-00A0C91BC942}") = "TestWin", "TestWin.vcxproj", "{3208B304-2626-4DCD-BB2D-8FD07115E663}"
EndProject
Global
	GlobalSection(SolutionConfigurationPlatforms) = preSolution
		Debug|x64 = Debug|x64
		Debug|x86 = Debug|x86
		Release|x64 = Release|x64
		Release|x86 = Release|x86
	EndGlobalSection
	GlobalSection(ProjectConfigurationPlatforms) = postSolution
		{3208B304-2626-4DCD-BB2D-8FD07115E663}.Debug|x64.ActiveCfg = Debug|x64
		{3208B304-2626-4DCD-BB2D-8FD07115E663}.Debug|x64.Build.0 = Debug|x64
		{3208B304-2626-4DCD-BB2D-8FD07115E663}.Debug|x86.ActiveCfg = Debug|Win32
		{3208B304-2626-4DCD-BB2D-8FD07115E663}.Debug|x86.Build.0 = Debug|Win32
		{3208B304-2626-4DCD-BB2D-8FD07115E663}.Release|x64.ActiveCfg = Release|x64
		{3208B304-2626-4DCD-BB2D-8FD07115E663}.Release|x64.Build.0 = Release|x64
		{3208B304-2626-4DCD-BB2D-8FD07115E663}.Release|x86.ActiveCfg = Release|Win32
		{3208B304-2626-4DCD-BB2D-8FD07115E663}.Release|x86.Build.0 = Release|Win32
	EndGlobalSection
	GlobalSection(SolutionProperties) = preSolution
		HideSolutionNode = FALSE
	EndGlobalSection
	GlobalSection(ExtensibilityGlobals) = postSolution
		SolutionGuid = {27D433D6-6158-46E4-BAD9-43C3B08BD6D2}
	EndGlobalSection
EndGlobal
